// !$*UTF8*$!
{
	archiveVersion = 1;
	classes = {
	};
	objectVersion = 56;
	objects = {

/* Begin PBXBuildFile section */
		9212DC0E291ACBAA001727AE /* GlobalStatisticsCell.swift in Sources */ = {isa = PBXBuildFile; fileRef = 9212DC0D291ACBAA001727AE /* GlobalStatisticsCell.swift */; };
		923A5015291ABCD80046DDFE /* NetworkManager.swift in Sources */ = {isa = PBXBuildFile; fileRef = 923A5014291ABCD80046DDFE /* NetworkManager.swift */; };
		9242BC8B29150B950005E53A /* AppDelegate.swift in Sources */ = {isa = PBXBuildFile; fileRef = 9242BC8A29150B950005E53A /* AppDelegate.swift */; };
		9242BC8D29150B950005E53A /* SceneDelegate.swift in Sources */ = {isa = PBXBuildFile; fileRef = 9242BC8C29150B950005E53A /* SceneDelegate.swift */; };
		9242BC8F29150B950005E53A /* StatisticsViewController.swift in Sources */ = {isa = PBXBuildFile; fileRef = 9242BC8E29150B950005E53A /* StatisticsViewController.swift */; };
		9242BC9229150B950005E53A /* Main.storyboard in Resources */ = {isa = PBXBuildFile; fileRef = 9242BC9029150B950005E53A /* Main.storyboard */; };
		9242BC9429150B950005E53A /* Assets.xcassets in Resources */ = {isa = PBXBuildFile; fileRef = 9242BC9329150B950005E53A /* Assets.xcassets */; };
		9242BC9729150B950005E53A /* LaunchScreen.storyboard in Resources */ = {isa = PBXBuildFile; fileRef = 9242BC9529150B950005E53A /* LaunchScreen.storyboard */; };
		9242BC9F29150CE70005E53A /* Coronavirus.swift in Sources */ = {isa = PBXBuildFile; fileRef = 9242BC9E29150CE70005E53A /* Coronavirus.swift */; };
/* End PBXBuildFile section */

/* Begin PBXFileReference section */
		9212DC0D291ACBAA001727AE /* GlobalStatisticsCell.swift */ = {isa = PBXFileReference; lastKnownFileType = sourcecode.swift; path = GlobalStatisticsCell.swift; sourceTree = "<group>"; };
		923A5014291ABCD80046DDFE /* NetworkManager.swift */ = {isa = PBXFileReference; lastKnownFileType = sourcecode.swift; path = NetworkManager.swift; sourceTree = "<group>"; };
		9242BC8729150B950005E53A /* NetworkApplication.app */ = {isa = PBXFileReference; explicitFileType = wrapper.application; includeInIndex = 0; path = NetworkApplication.app; sourceTree = BUILT_PRODUCTS_DIR; };
		9242BC8A29150B950005E53A /* AppDelegate.swift */ = {isa = PBXFileReference; lastKnownFileType = sourcecode.swift; path = AppDelegate.swift; sourceTree = "<group>"; };
		9242BC8C29150B950005E53A /* SceneDelegate.swift */ = {isa = PBXFileReference; lastKnownFileType = sourcecode.swift; path = SceneDelegate.swift; sourceTree = "<group>"; };
		9242BC8E29150B950005E53A /* StatisticsViewController.swift */ = {isa = PBXFileReference; lastKnownFileType = sourcecode.swift; path = StatisticsViewController.swift; sourceTree = "<group>"; };
		9242BC9129150B950005E53A /* Base */ = {isa = PBXFileReference; lastKnownFileType = file.storyboard; name = Base; path = Base.lproj/Main.storyboard; sourceTree = "<group>"; };
		9242BC9329150B950005E53A /* Assets.xcassets */ = {isa = PBXFileReference; lastKnownFileType = folder.assetcatalog; path = Assets.xcassets; sourceTree = "<group>"; };
		9242BC9629150B950005E53A /* Base */ = {isa = PBXFileReference; lastKnownFileType = file.storyboard; name = Base; path = Base.lproj/LaunchScreen.storyboard; sourceTree = "<group>"; };
		9242BC9829150B950005E53A /* Info.plist */ = {isa = PBXFileReference; lastKnownFileType = text.plist.xml; path = Info.plist; sourceTree = "<group>"; };
		9242BC9E29150CE70005E53A /* Coronavirus.swift */ = {isa = PBXFileReference; lastKnownFileType = sourcecode.swift; path = Coronavirus.swift; sourceTree = "<group>"; };
/* End PBXFileReference section */

/* Begin PBXFrameworksBuildPhase section */
		9242BC8429150B950005E53A /* Frameworks */ = {
			isa = PBXFrameworksBuildPhase;
			buildActionMask = 2147483647;
			files = (
			);
			runOnlyForDeploymentPostprocessing = 0;
		};
/* End PBXFrameworksBuildPhase section */

/* Begin PBXGroup section */
		9242BC7E29150B950005E53A = {
			isa = PBXGroup;
			children = (
				9242BC8929150B950005E53A /* NetworkApplication */,
				9242BC8829150B950005E53A /* Products */,
			);
			sourceTree = "<group>";
		};
		9242BC8829150B950005E53A /* Products */ = {
			isa = PBXGroup;
			children = (
				9242BC8729150B950005E53A /* NetworkApplication.app */,
			);
			name = Products;
			sourceTree = "<group>";
		};
		9242BC8929150B950005E53A /* NetworkApplication */ = {
			isa = PBXGroup;
			children = (
				929FD399291C2643007AA47E /* Services */,
				9242BCA4291522D40005E53A /* SupportingFiles */,
				9242BCA3291522BA0005E53A /* Resources */,
				9242BCA2291522980005E53A /* StoryBoards */,
				9242BCA1291522890005E53A /* Models */,
				9242BCA0291522800005E53A /* ViewControllers */,
			);
			path = NetworkApplication;
			sourceTree = "<group>";
		};
		9242BCA0291522800005E53A /* ViewControllers */ = {
			isa = PBXGroup;
			children = (
				9242BC8E29150B950005E53A /* StatisticsViewController.swift */,
				9212DC0D291ACBAA001727AE /* GlobalStatisticsCell.swift */,
			);
			path = ViewControllers;
			sourceTree = "<group>";
		};
		9242BCA1291522890005E53A /* Models */ = {
			isa = PBXGroup;
			children = (
				9242BC9E29150CE70005E53A /* Coronavirus.swift */,
			);
			path = Models;
			sourceTree = "<group>";
		};
		9242BCA2291522980005E53A /* StoryBoards */ = {
			isa = PBXGroup;
			children = (
				9242BC9529150B950005E53A /* LaunchScreen.storyboard */,
				9242BC9029150B950005E53A /* Main.storyboard */,
			);
			path = StoryBoards;
			sourceTree = "<group>";
		};
		9242BCA3291522BA0005E53A /* Resources */ = {
			isa = PBXGroup;
			children = (
				9242BC9329150B950005E53A /* Assets.xcassets */,
			);
			path = Resources;
			sourceTree = "<group>";
		};
		9242BCA4291522D40005E53A /* SupportingFiles */ = {
			isa = PBXGroup;
			children = (
				9242BC8A29150B950005E53A /* AppDelegate.swift */,
				9242BC8C29150B950005E53A /* SceneDelegate.swift */,
				9242BC9829150B950005E53A /* Info.plist */,
			);
			path = SupportingFiles;
			sourceTree = "<group>";
		};
		929FD399291C2643007AA47E /* Services */ = {
			isa = PBXGroup;
			children = (
				923A5014291ABCD80046DDFE /* NetworkManager.swift */,
			);
			path = Services;
			sourceTree = "<group>";
		};
/* End PBXGroup section */

/* Begin PBXNativeTarget section */
		9242BC8629150B950005E53A /* NetworkApplication */ = {
			isa = PBXNativeTarget;
			buildConfigurationList = 9242BC9B29150B950005E53A /* Build configuration list for PBXNativeTarget "NetworkApplication" */;
			buildPhases = (
				9242BC8329150B950005E53A /* Sources */,
				9242BC8429150B950005E53A /* Frameworks */,
				9242BC8529150B950005E53A /* Resources */,
			);
			buildRules = (
			);
			dependencies = (
			);
			name = NetworkApplication;
			productName = NetworkApplication;
			productReference = 9242BC8729150B950005E53A /* NetworkApplication.app */;
			productType = "com.apple.product-type.application";
		};
/* End PBXNativeTarget section */

/* Begin PBXProject section */
		9242BC7F29150B950005E53A /* Project object */ = {
			isa = PBXProject;
			attributes = {
				BuildIndependentTargetsInParallel = 1;
				LastSwiftUpdateCheck = 1400;
				LastUpgradeCheck = 1400;
				TargetAttributes = {
					9242BC8629150B950005E53A = {
						CreatedOnToolsVersion = 14.0.1;
					};
				};
			};
			buildConfigurationList = 9242BC8229150B950005E53A /* Build configuration list for PBXProject "NetworkApplication" */;
			compatibilityVersion = "Xcode 14.0";
			developmentRegion = en;
			hasScannedForEncodings = 0;
			knownRegions = (
				en,
				Base,
			);
			mainGroup = 9242BC7E29150B950005E53A;
			productRefGroup = 9242BC8829150B950005E53A /* Products */;
			projectDirPath = "";
			projectRoot = "";
			targets = (
				9242BC8629150B950005E53A /* NetworkApplication */,
			);
		};
/* End PBXProject section */

/* Begin PBXResourcesBuildPhase section */
		9242BC8529150B950005E53A /* Resources */ = {
			isa = PBXResourcesBuildPhase;
			buildActionMask = 2147483647;
			files = (
				9242BC9729150B950005E53A /* LaunchScreen.storyboard in Resources */,
				9242BC9429150B950005E53A /* Assets.xcassets in Resources */,
				9242BC9229150B950005E53A /* Main.storyboard in Resources */,
			);
			runOnlyForDeploymentPostprocessing = 0;
		};
/* End PBXResourcesBuildPhase section */

/* Begin PBXSourcesBuildPhase section */
		9242BC8329150B950005E53A /* Sources */ = {
			isa = PBXSourcesBuildPhase;
			buildActionMask = 2147483647;
			files = (
				9242BC9F29150CE70005E53A /* Coronavirus.swift in Sources */,
				9212DC0E291ACBAA001727AE /* GlobalStatisticsCell.swift in Sources */,
				9242BC8F29150B950005E53A /* StatisticsViewController.swift in Sources */,
				923A5015291ABCD80046DDFE /* NetworkManager.swift in Sources */,
				9242BC8B29150B950005E53A /* AppDelegate.swift in Sources */,
				9242BC8D29150B950005E53A /* SceneDelegate.swift in Sources */,
			);
			runOnlyForDeploymentPostprocessing = 0;
		};
/* End PBXSourcesBuildPhase section */

/* Begin PBXVariantGroup section */
		9242BC9029150B950005E53A /* Main.storyboard */ = {
			isa = PBXVariantGroup;
			children = (
				9242BC9129150B950005E53A /* Base */,
			);
			name = Main.storyboard;
			sourceTree = "<group>";
		};
		9242BC9529150B950005E53A /* LaunchScreen.storyboard */ = {
			isa = PBXVariantGroup;
			children = (
				9242BC9629150B950005E53A /* Base */,
			);
			name = LaunchScreen.storyboard;
			sourceTree = "<group>";
		};
/* End PBXVariantGroup section */

/* Begin XCBuildConfiguration section */
		9242BC9929150B950005E53A /* Debug */ = {
			isa = XCBuildConfiguration;
			buildSettings = {
				ALWAYS_SEARCH_USER_PATHS = NO;
				CLANG_ANALYZER_NONNULL = YES;
				CLANG_ANALYZER_NUMBER_OBJECT_CONVERSION = YES_AGGRESSIVE;
				CLANG_CXX_LANGUAGE_STANDARD = "gnu++20";
				CLANG_ENABLE_MODULES = YES;
				CLANG_ENABLE_OBJC_ARC = YES;
				CLANG_ENABLE_OBJC_WEAK = YES;
				CLANG_WARN_BLOCK_CAPTURE_AUTORELEASING = YES;
				CLANG_WARN_BOOL_CONVERSION = YES;
				CLANG_WARN_COMMA = YES;
				CLANG_WARN_CONSTANT_CONVERSION = YES;
				CLANG_WARN_DEPRECATED_OBJC_IMPLEMENTATIONS = YES;
				CLANG_WARN_DIRECT_OBJC_ISA_USAGE = YES_ERROR;
				CLANG_WARN_DOCUMENTATION_COMMENTS = YES;
				CLANG_WARN_EMPTY_BODY = YES;
				CLANG_WARN_ENUM_CONVERSION = YES;
				CLANG_WARN_INFINITE_RECURSION = YES;
				CLANG_WARN_INT_CONVERSION = YES;
				CLANG_WARN_NON_LITERAL_NULL_CONVERSION = YES;
				CLANG_WARN_OBJC_IMPLICIT_RETAIN_SELF = YES;
				CLANG_WARN_OBJC_LITERAL_CONVERSION = YES;
				CLANG_WARN_OBJC_ROOT_CLASS = YES_ERROR;
				CLANG_WARN_QUOTED_INCLUDE_IN_FRAMEWORK_HEADER = YES;
				CLANG_WARN_RANGE_LOOP_ANALYSIS = YES;
				CLANG_WARN_STRICT_PROTOTYPES = YES;
				CLANG_WARN_SUSPICIOUS_MOVE = YES;
				CLANG_WARN_UNGUARDED_AVAILABILITY = YES_AGGRESSIVE;
				CLANG_WARN_UNREACHABLE_CODE = YES;
				CLANG_WARN__DUPLICATE_METHOD_MATCH = YES;
				COPY_PHASE_STRIP = NO;
				DEBUG_INFORMATION_FORMAT = dwarf;
				ENABLE_STRICT_OBJC_MSGSEND = YES;
				ENABLE_TESTABILITY = YES;
				GCC_C_LANGUAGE_STANDARD = gnu11;
				GCC_DYNAMIC_NO_PIC = NO;
				GCC_NO_COMMON_BLOCKS = YES;
				GCC_OPTIMIZATION_LEVEL = 0;
				GCC_PREPROCESSOR_DEFINITIONS = (
					"DEBUG=1",
					"$(inherited)",
				);
				GCC_WARN_64_TO_32_BIT_CONVERSION = YES;
				GCC_WARN_ABOUT_RETURN_TYPE = YES_ERROR;
				GCC_WARN_UNDECLARED_SELECTOR = YES;
				GCC_WARN_UNINITIALIZED_AUTOS = YES_AGGRESSIVE;
				GCC_WARN_UNUSED_FUNCTION = YES;
				GCC_WARN_UNUSED_VARIABLE = YES;
				IPHONEOS_DEPLOYMENT_TARGET = 16.0;
				MTL_ENABLE_DEBUG_INFO = INCLUDE_SOURCE;
				MTL_FAST_MATH = YES;
				ONLY_ACTIVE_ARCH = YES;
				SDKROOT = iphoneos;
				SWIFT_ACTIVE_COMPILATION_CONDITIONS = DEBUG;
				SWIFT_OPTIMIZATION_LEVEL = "-Onone";
			};
			name = Debug;
		};
		9242BC9A29150B950005E53A /* Release */ = {
			isa = XCBuildConfiguration;
			buildSettings = {
				ALWAYS_SEARCH_USER_PATHS = NO;
				CLANG_ANALYZER_NONNULL = YES;
				CLANG_ANALYZER_NUMBER_OBJECT_CONVERSION = YES_AGGRESSIVE;
				CLANG_CXX_LANGUAGE_STANDARD = "gnu++20";
				CLANG_ENABLE_MODULES = YES;
				CLANG_ENABLE_OBJC_ARC = YES;
				CLANG_ENABLE_OBJC_WEAK = YES;
				CLANG_WARN_BLOCK_CAPTURE_AUTORELEASING = YES;
				CLANG_WARN_BOOL_CONVERSION = YES;
				CLANG_WARN_COMMA = YES;
				CLANG_WARN_CONSTANT_CONVERSION = YES;
				CLANG_WARN_DEPRECATED_OBJC_IMPLEMENTATIONS = YES;
				CLANG_WARN_DIRECT_OBJC_ISA_USAGE = YES_ERROR;
				CLANG_WARN_DOCUMENTATION_COMMENTS = YES;
				CLANG_WARN_EMPTY_BODY = YES;
				CLANG_WARN_ENUM_CONVERSION = YES;
				CLANG_WARN_INFINITE_RECURSION = YES;
				CLANG_WARN_INT_CONVERSION = YES;
				CLANG_WARN_NON_LITERAL_NULL_CONVERSION = YES;
				CLANG_WARN_OBJC_IMPLICIT_RETAIN_SELF = YES;
				CLANG_WARN_OBJC_LITERAL_CONVERSION = YES;
				CLANG_WARN_OBJC_ROOT_CLASS = YES_ERROR;
				CLANG_WARN_QUOTED_INCLUDE_IN_FRAMEWORK_HEADER = YES;
				CLANG_WARN_RANGE_LOOP_ANALYSIS = YES;
				CLANG_WARN_STRICT_PROTOTYPES = YES;
				CLANG_WARN_SUSPICIOUS_MOVE = YES;
				CLANG_WARN_UNGUARDED_AVAILABILITY = YES_AGGRESSIVE;
				CLANG_WARN_UNREACHABLE_CODE = YES;
				CLANG_WARN__DUPLICATE_METHOD_MATCH = YES;
				COPY_PHASE_STRIP = NO;
				DEBUG_INFORMATION_FORMAT = "dwarf-with-dsym";
				ENABLE_NS_ASSERTIONS = NO;
				ENABLE_STRICT_OBJC_MSGSEND = YES;
				GCC_C_LANGUAGE_STANDARD = gnu11;
				GCC_NO_COMMON_BLOCKS = YES;
				GCC_WARN_64_TO_32_BIT_CONVERSION = YES;
				GCC_WARN_ABOUT_RETURN_TYPE = YES_ERROR;
				GCC_WARN_UNDECLARED_SELECTOR = YES;
				GCC_WARN_UNINITIALIZED_AUTOS = YES_AGGRESSIVE;
				GCC_WARN_UNUSED_FUNCTION = YES;
				GCC_WARN_UNUSED_VARIABLE = YES;
				IPHONEOS_DEPLOYMENT_TARGET = 16.0;
				MTL_ENABLE_DEBUG_INFO = NO;
				MTL_FAST_MATH = YES;
				SDKROOT = iphoneos;
				SWIFT_COMPILATION_MODE = wholemodule;
				SWIFT_OPTIMIZATION_LEVEL = "-O";
				VALIDATE_PRODUCT = YES;
			};
			name = Release;
		};
		9242BC9C29150B950005E53A /* Debug */ = {
			isa = XCBuildConfiguration;
			buildSettings = {
				ASSETCATALOG_COMPILER_APPICON_NAME = AppIcon;
				ASSETCATALOG_COMPILER_GLOBAL_ACCENT_COLOR_NAME = AccentColor;
				CODE_SIGN_STYLE = Automatic;
				CURRENT_PROJECT_VERSION = 1;
				DEVELOPMENT_TEAM = R79LXPU844;
				GENERATE_INFOPLIST_FILE = YES;
				INFOPLIST_FILE = NetworkApplication/SupportingFiles/Info.plist;
				INFOPLIST_KEY_UIApplicationSupportsIndirectInputEvents = YES;
				INFOPLIST_KEY_UILaunchStoryboardName = LaunchScreen;
				INFOPLIST_KEY_UIMainStoryboardFile = Main;
				INFOPLIST_KEY_UISupportedInterfaceOrientations = UIInterfaceOrientationPortrait;
				INFOPLIST_KEY_UISupportedInterfaceOrientations_iPad = "UIInterfaceOrientationLandscapeLeft UIInterfaceOrientationLandscapeRight UIInterfaceOrientationPortrait UIInterfaceOrientationPortraitUpsideDown";
				IPHONEOS_DEPLOYMENT_TARGET = 16.0;
				LD_RUNPATH_SEARCH_PATHS = (
					"$(inherited)",
					"@executable_path/Frameworks",
				);
				MARKETING_VERSION = 1.0;
				PRODUCT_BUNDLE_IDENTIFIER = "Balandin-Denis.NetworkApplication";
				PRODUCT_NAME = "$(TARGET_NAME)";
				SUPPORTED_PLATFORMS = "iphoneos iphonesimulator";
				SUPPORTS_MACCATALYST = NO;
				SUPPORTS_MAC_DESIGNED_FOR_IPHONE_IPAD = NO;
				SWIFT_EMIT_LOC_STRINGS = YES;
				SWIFT_VERSION = 5.0;
				TARGETED_DEVICE_FAMILY = 1;
			};
			name = Debug;
		};
		9242BC9D29150B950005E53A /* Release */ = {
			isa = XCBuildConfiguration;
			buildSettings = {
				ASSETCATALOG_COMPILER_APPICON_NAME = AppIcon;
				ASSETCATALOG_COMPILER_GLOBAL_ACCENT_COLOR_NAME = AccentColor;
				CODE_SIGN_STYLE = Automatic;
				CURRENT_PROJECT_VERSION = 1;
				DEVELOPMENT_TEAM = R79LXPU844;
				GENERATE_INFOPLIST_FILE = YES;
				INFOPLIST_FILE = NetworkApplication/SupportingFiles/Info.plist;
				INFOPLIST_KEY_UIApplicationSupportsIndirectInputEvents = YES;
				INFOPLIST_KEY_UILaunchStoryboardName = LaunchScreen;
				INFOPLIST_KEY_UIMainStoryboardFile = Main;
				INFOPLIST_KEY_UISupportedInterfaceOrientations = UIInterfaceOrientationPortrait;
				INFOPLIST_KEY_UISupportedInterfaceOrientations_iPad = "UIInterfaceOrientationLandscapeLeft UIInterfaceOrientationLandscapeRight UIInterfaceOrientationPortrait UIInterfaceOrientationPortraitUpsideDown";
				IPHONEOS_DEPLOYMENT_TARGET = 16.0;
				LD_RUNPATH_SEARCH_PATHS = (
					"$(inherited)",
					"@executable_path/Frameworks",
				);
				MARKETING_VERSION = 1.0;
				PRODUCT_BUNDLE_IDENTIFIER = "Balandin-Denis.NetworkApplication";
				PRODUCT_NAME = "$(TARGET_NAME)";
				SUPPORTED_PLATFORMS = "iphoneos iphonesimulator";
				SUPPORTS_MACCATALYST = NO;
				SUPPORTS_MAC_DESIGNED_FOR_IPHONE_IPAD = NO;
				SWIFT_EMIT_LOC_STRINGS = YES;
				SWIFT_VERSION = 5.0;
				TARGETED_DEVICE_FAMILY = 1;
			};
			name = Release;
		};
/* End XCBuildConfiguration section */

/* Begin XCConfigurationList section */
		9242BC8229150B950005E53A /* Build configuration list for PBXProject "NetworkApplication" */ = {
			isa = XCConfigurationList;
			buildConfigurations = (
				9242BC9929150B950005E53A /* Debug */,
				9242BC9A29150B950005E53A /* Release */,
			);
			defaultConfigurationIsVisible = 0;
			defaultConfigurationName = Release;
		};
		9242BC9B29150B950005E53A /* Build configuration list for PBXNativeTarget "NetworkApplication" */ = {
			isa = XCConfigurationList;
			buildConfigurations = (
				9242BC9C29150B950005E53A /* Debug */,
				9242BC9D29150B950005E53A /* Release */,
			);
			defaultConfigurationIsVisible = 0;
			defaultConfigurationName = Release;
		};
/* End XCConfigurationList section */
	};
	rootObject = 9242BC7F29150B950005E53A /* Project object */;
}
